
Microsoft Visual Studio Solution File, Format Version 12.00
# Visual Studio Version 17
VisualStudioVersion = 17.8.34525.116
MinimumVisualStudioVersion = 10.0.40219.1
Project("{FAE04EC0-301F-11D3-BF4B-00C04F79EFBC}") = "practicando_labo1_daw", "practicando_labo1_daw\practicando_labo1_daw.csproj", "{80F1465F-9525-43C8-AC00-367B8556AB70}"
EndProject
Global
	GlobalSection(SolutionConfigurationPlatforms) = preSolution
		Debug|Any CPU = Debug|Any CPU
		Release|Any CPU = Release|Any CPU
	EndGlobalSection
	GlobalSection(ProjectConfigurationPlatforms) = postSolution
		{80F1465F-9525-43C8-AC00-367B8556AB70}.Debug|Any CPU.ActiveCfg = Debug|Any CPU
		{80F1465F-9525-43C8-AC00-367B8556AB70}.Debug|Any CPU.Build.0 = Debug|Any CPU
		{80F1465F-9525-43C8-AC00-367B8556AB70}.Release|Any CPU.ActiveCfg = Release|Any CPU
		{80F1465F-9525-43C8-AC00-367B8556AB70}.Release|Any CPU.Build.0 = Release|Any CPU
	EndGlobalSection
	GlobalSection(SolutionProperties) = preSolution
		HideSolutionNode = FALSE
	EndGlobalSection
	GlobalSection(ExtensibilityGlobals) = postSolution
		SolutionGuid = {14197E2C-B1C9-409E-A039-36EE5CA5B7AB}
	EndGlobalSection
EndGlobal
